
Microsoft Visual Studio Solution File, Format Version 12.00
# Visual Studio Version 17
VisualStudioVersion = 17.10.35122.118
MinimumVisualStudioVersion = 10.0.40219.1
Project("{FAE04EC0-301F-11D3-BF4B-00C04F79EFBC}") = "DepositCalculator", "DepositCalculator\DepositCalculator.csproj", "{1DD8C655-55FD-4561-AC72-3FF3B0299288}"
EndProject
Global
	GlobalSection(SolutionConfigurationPlatforms) = preSolution
		Debug|Any CPU = Debug|Any CPU
		Release|Any CPU = Release|Any CPU
	EndGlobalSection
	GlobalSection(ProjectConfigurationPlatforms) = postSolution
		{1DD8C655-55FD-4561-AC72-3FF3B0299288}.Debug|Any CPU.ActiveCfg = Debug|Any CPU
		{1DD8C655-55FD-4561-AC72-3FF3B0299288}.Debug|Any CPU.Build.0 = Debug|Any CPU
		{1DD8C655-55FD-4561-AC72-3FF3B0299288}.Release|Any CPU.ActiveCfg = Release|Any CPU
		{1DD8C655-55FD-4561-AC72-3FF3B0299288}.Release|Any CPU.Build.0 = Release|Any CPU
	EndGlobalSection
	GlobalSection(SolutionProperties) = preSolution
		HideSolutionNode = FALSE
	EndGlobalSection
	GlobalSection(ExtensibilityGlobals) = postSolution
		SolutionGuid = {D4EBE9CA-663E-4DB4-A3B7-B414128DE257}
	EndGlobalSection
EndGlobal
